
Microsoft Visual Studio Solution File, Format Version 12.00
# Visual Studio Version 17
VisualStudioVersion = 17.0.32126.317
MinimumVisualStudioVersion = 10.0.40219.1
Project("{9A19103F-16F7-4668-BE54-9A1E7A4F7556}") = "ORM_EFC_Test", "ORM_EFC_Test\ORM_EFC_Test.csproj", "{C8B35166-0B80-49A5-91D6-06174A313CF2}"
EndProject
Project("{FAE04EC0-301F-11D3-BF4B-00C04F79EFBC}") = "BookLibrary", "BookLibrary\BookLibrary.csproj", "{167638A7-D2ED-422D-82D9-AC09705D665A}"
EndProject
Global
	GlobalSection(SolutionConfigurationPlatforms) = preSolution
		Debug|Any CPU = Debug|Any CPU
		Release|Any CPU = Release|Any CPU
	EndGlobalSection
	GlobalSection(ProjectConfigurationPlatforms) = postSolution
		{C8B35166-0B80-49A5-91D6-06174A313CF2}.Debug|Any CPU.ActiveCfg = Debug|Any CPU
		{C8B35166-0B80-49A5-91D6-06174A313CF2}.Debug|Any CPU.Build.0 = Debug|Any CPU
		{C8B35166-0B80-49A5-91D6-06174A313CF2}.Release|Any CPU.ActiveCfg = Release|Any CPU
		{C8B35166-0B80-49A5-91D6-06174A313CF2}.Release|Any CPU.Build.0 = Release|Any CPU
		{167638A7-D2ED-422D-82D9-AC09705D665A}.Debug|Any CPU.ActiveCfg = Debug|Any CPU
		{167638A7-D2ED-422D-82D9-AC09705D665A}.Debug|Any CPU.Build.0 = Debug|Any CPU
		{167638A7-D2ED-422D-82D9-AC09705D665A}.Release|Any CPU.ActiveCfg = Release|Any CPU
		{167638A7-D2ED-422D-82D9-AC09705D665A}.Release|Any CPU.Build.0 = Release|Any CPU
	EndGlobalSection
	GlobalSection(SolutionProperties) = preSolution
		HideSolutionNode = FALSE
	EndGlobalSection
	GlobalSection(ExtensibilityGlobals) = postSolution
		SolutionGuid = {D629A572-D1F5-45BF-A74F-E6927CA2C28B}
	EndGlobalSection
EndGlobal
