
Microsoft Visual Studio Solution File, Format Version 12.00
# Visual Studio Version 17
VisualStudioVersion = 17.0.32126.317
MinimumVisualStudioVersion = 10.0.40219.1
Project("{FAE04EC0-301F-11D3-BF4B-00C04F79EFBC}") = "ORMTestingEFC", "ORMTestingEFC\ORMTestingEFC.csproj", "{95DFA13C-0F17-4849-9F0C-AC8E04F0E6C2}"
EndProject
Global
	GlobalSection(SolutionConfigurationPlatforms) = preSolution
		Debug|Any CPU = Debug|Any CPU
		Release|Any CPU = Release|Any CPU
	EndGlobalSection
	GlobalSection(ProjectConfigurationPlatforms) = postSolution
		{95DFA13C-0F17-4849-9F0C-AC8E04F0E6C2}.Debug|Any CPU.ActiveCfg = Debug|Any CPU
		{95DFA13C-0F17-4849-9F0C-AC8E04F0E6C2}.Debug|Any CPU.Build.0 = Debug|Any CPU
		{95DFA13C-0F17-4849-9F0C-AC8E04F0E6C2}.Release|Any CPU.ActiveCfg = Release|Any CPU
		{95DFA13C-0F17-4849-9F0C-AC8E04F0E6C2}.Release|Any CPU.Build.0 = Release|Any CPU
	EndGlobalSection
	GlobalSection(SolutionProperties) = preSolution
		HideSolutionNode = FALSE
	EndGlobalSection
	GlobalSection(ExtensibilityGlobals) = postSolution
		SolutionGuid = {7692DECC-37EE-41DF-A79E-C9190329D923}
	EndGlobalSection
EndGlobal
